
Microsoft Visual Studio Solution File, Format Version 12.00
# Visual Studio Version 16
VisualStudioVersion = 16.0.29230.47
MinimumVisualStudioVersion = 10.0.40219.1
Project("{FAE04EC0-301F-11D3-BF4B-00C04F79EFBC}") = "ExperimentFour", "ExperimentFour\ExperimentFour.csproj", "{5BF0BD42-3C9C-4E61-9F0C-EA1D98CA7775}"
EndProject
Project("{54435603-DBB4-11D2-8724-00A0C9A8B90C}") = "Setup", "Setup\Setup.vdproj", "{BB6A1DBF-C565-4DE2-95E0-310E994D4A81}"
EndProject
Global
	GlobalSection(SolutionConfigurationPlatforms) = preSolution
		Debug|Any CPU = Debug|Any CPU
		Release|Any CPU = Release|Any CPU
	EndGlobalSection
	GlobalSection(ProjectConfigurationPlatforms) = postSolution
		{5BF0BD42-3C9C-4E61-9F0C-EA1D98CA7775}.Debug|Any CPU.ActiveCfg = Debug|Any CPU
		{5BF0BD42-3C9C-4E61-9F0C-EA1D98CA7775}.Debug|Any CPU.Build.0 = Debug|Any CPU
		{5BF0BD42-3C9C-4E61-9F0C-EA1D98CA7775}.Release|Any CPU.ActiveCfg = Release|Any CPU
		{5BF0BD42-3C9C-4E61-9F0C-EA1D98CA7775}.Release|Any CPU.Build.0 = Release|Any CPU
		{BB6A1DBF-C565-4DE2-95E0-310E994D4A81}.Debug|Any CPU.ActiveCfg = Debug
		{BB6A1DBF-C565-4DE2-95E0-310E994D4A81}.Release|Any CPU.ActiveCfg = Release
	EndGlobalSection
	GlobalSection(SolutionProperties) = preSolution
		HideSolutionNode = FALSE
	EndGlobalSection
	GlobalSection(ExtensibilityGlobals) = postSolution
		SolutionGuid = {6BB282EA-0DF5-4500-9E26-04E78FA79C64}
	EndGlobalSection
EndGlobal
